
Microsoft Visual Studio Solution File, Format Version 12.00
# Visual Studio 15
VisualStudioVersion = 15.0.27130.2003
MinimumVisualStudioVersion = 10.0.40219.1
Project("{FAE04EC0-301F-11D3-BF4B-00C04F79EFBC}") = "TaskSharper.Calender.WPF", "TaskSharper.Calender.WPF\TaskSharper.Calender.WPF.csproj", "{E7703189-AB75-42AD-A24C-7084FF9BCFA2}"
EndProject
Project("{FAE04EC0-301F-11D3-BF4B-00C04F79EFBC}") = "TaskSharper.DataAccessLayer.Test.Unit", "TaskSharper.DataAccessLayer.Test.Unit\TaskSharper.DataAccessLayer.Test.Unit.csproj", "{612BD79A-B57C-4474-9F21-D9794550F1BD}"
EndProject
Project("{FAE04EC0-301F-11D3-BF4B-00C04F79EFBC}") = "TaskSharper.DataAccessLayer.Google", "TaskSharper.DataAccessLayer.Google\TaskSharper.DataAccessLayer.Google.csproj", "{9F579BFE-0BDC-4C2C-84FA-9B4C12F1D516}"
EndProject
Project("{FAE04EC0-301F-11D3-BF4B-00C04F79EFBC}") = "TaskSharper.Domain", "TaskSharper.Domain\TaskSharper.Domain.csproj", "{E329AF7F-27B3-46EF-80A4-D7993B662CAD}"
EndProject
Project("{FAE04EC0-301F-11D3-BF4B-00C04F79EFBC}") = "TaskSharper.Shared", "TaskSharper.Shared\TaskSharper.Shared.csproj", "{D7E3E636-CECC-4A1D-8E6D-F0CC9588E928}"
EndProject
Project("{2150E333-8FDC-42A3-9474-1A3956D46DE8}") = "Solution Items", "Solution Items", "{2555A492-72A3-4C66-B148-E38181CED500}"
	ProjectSection(SolutionItems) = preProject
		README.md = README.md
	EndProjectSection
EndProject
Project("{FAE04EC0-301F-11D3-BF4B-00C04F79EFBC}") = "TaskSharper.BusinessLayer", "TaskSharper.BusinessLayer\TaskSharper.BusinessLayer.csproj", "{041A25FC-DFDA-46A6-972B-DB0DCCC1EEF8}"
EndProject
Project("{FAE04EC0-301F-11D3-BF4B-00C04F79EFBC}") = "TaskSharper.CacheStore", "TaskSharper.CacheStore\TaskSharper.CacheStore.csproj", "{2D89FB0A-65E7-40B6-A9F3-CF71300403C0}"
EndProject
Project("{FAE04EC0-301F-11D3-BF4B-00C04F79EFBC}") = "TaskSharper.CacheStore.Test.Unit", "TaskSharper.CacheStore.Test.Unit\TaskSharper.CacheStore.Test.Unit.csproj", "{2AC4F14B-4C81-48EB-86A9-799788474E66}"
EndProject
Project("{2150E333-8FDC-42A3-9474-1A3956D46DE8}") = "UnitTests", "UnitTests", "{2C86AA8A-47CB-4835-8FEC-EE5E9C1247D0}"
EndProject
Project("{FAE04EC0-301F-11D3-BF4B-00C04F79EFBC}") = "TaskSharper.BusinessLayer.Test.Unit", "TaskSharper.BusinessLayer.Test.Unit\TaskSharper.BusinessLayer.Test.Unit.csproj", "{6C82A853-D6C3-4BDF-BBFC-AE80881FBEE0}"
EndProject
Project("{FAE04EC0-301F-11D3-BF4B-00C04F79EFBC}") = "TaskSharper.Notification", "TaskSharper.Notification\TaskSharper.Notification.csproj", "{F5A1ABD8-6797-489E-B296-B099F1455D7C}"
EndProject
Project("{FAE04EC0-301F-11D3-BF4B-00C04F79EFBC}") = "TaskSharper.Notification.Test.Unit", "TaskSharper.Notification.Test.Unit\TaskSharper.Notification.Test.Unit.csproj", "{EB940F15-7155-4065-B849-9E180FDC3DE6}"
EndProject
Project("{FAE04EC0-301F-11D3-BF4B-00C04F79EFBC}") = "TaskSharper.Service", "TaskSharper.Service\TaskSharper.Service.csproj", "{9C6109B6-7DEA-4863-83F2-AC65ECD7C95A}"
EndProject
Project("{FAE04EC0-301F-11D3-BF4B-00C04F79EFBC}") = "TaskSharper.Service.RestClient", "TaskSharper.Service.RestClient\TaskSharper.Service.RestClient.csproj", "{F611B989-0C55-4170-B520-4EA7392BD53D}"
EndProject
Project("{FAE04EC0-301F-11D3-BF4B-00C04F79EFBC}") = "TaskSharper.Service.NotificationClient", "TaskSharper.Service.NotificationClient\TaskSharper.Service.NotificationClient.csproj", "{FCF63AE8-6CB5-4D69-B076-8BF95FF50F19}"
EndProject
Project("{FAE04EC0-301F-11D3-BF4B-00C04F79EFBC}") = "TaskSharper.Appointments.WPF", "TaskSharper.Appointments.WPF\TaskSharper.Appointments.WPF.csproj", "{1903E410-7EDA-4F46-ACCB-C05B724D5BE2}"
EndProject
Project("{FAE04EC0-301F-11D3-BF4B-00C04F79EFBC}") = "TaskSharper.Tasks.WPF", "TaskSharper.Tasks.WPF\TaskSharper.Tasks.WPF.csproj", "{E6CDD4F6-396A-4FD5-93AA-79CEDC8AB033}"
EndProject
Project("{2150E333-8FDC-42A3-9474-1A3956D46DE8}") = "WPF Clients", "WPF Clients", "{575C972C-3766-4FDC-9EF9-98AD424EA50E}"
EndProject
Project("{FAE04EC0-301F-11D3-BF4B-00C04F79EFBC}") = "TaskSharper.Launcher.WPF", "TaskSharper.Launcher.WPF\TaskSharper.Launcher.WPF.csproj", "{4444EB61-5ABF-442C-9BE3-772AE768F099}"
EndProject
Project("{FAE04EC0-301F-11D3-BF4B-00C04F79EFBC}") = "TaskSharper.WPF.Common", "TaskSharper.WPF.Common\TaskSharper.WPF.Common.csproj", "{4044C93A-C605-4561-AB0D-375D4A05A9D7}"
EndProject
Project("{FAE04EC0-301F-11D3-BF4B-00C04F79EFBC}") = "TaskSharper.Calendar.WPF.Test.Unit", "TaskSharper.Calendar.WPF.Test.Unit\TaskSharper.Calendar.WPF.Test.Unit.csproj", "{80B818AA-03C7-48F5-9F87-BD217FD8A3AF}"
EndProject
Project("{FAE04EC0-301F-11D3-BF4B-00C04F79EFBC}") = "TaskSharper.Service.Test.Unit", "TaskSharper.Service.Test.Unit\TaskSharper.Service.Test.Unit.csproj", "{A607A5FC-3892-4B2F-9684-D16F70CF60AE}"
EndProject
Project("{FAE04EC0-301F-11D3-BF4B-00C04F79EFBC}") = "TaskSharper.Service.RestClient.Test.Unit", "TaskSharper.Service.RestClient.Test.Unit\TaskSharper.Service.RestClient.Test.Unit.csproj", "{B5CD11F5-582F-4ACE-9F2A-0C8CCCB3B803}"
EndProject
Project("{FAE04EC0-301F-11D3-BF4B-00C04F79EFBC}") = "TaskSharper.WPF.Common.Test.Unit", "TaskSharper.WPF.Common.Test.Unit\TaskSharper.WPF.Common.Test.Unit.csproj", "{E1DB2B03-1B56-4F44-8168-D821F40CFCE8}"
EndProject
Project("{2150E333-8FDC-42A3-9474-1A3956D46DE8}") = "UITests", "UITests", "{D5B151ED-68BE-41E7-B570-801091AA2B0B}"
EndProject
Project("{FAE04EC0-301F-11D3-BF4B-00C04F79EFBC}") = "TaskSharper.Appointments.WPF.Test.UI", "TaskSharper.Appointments.WPF.Test.UI\TaskSharper.Appointments.WPF.Test.UI.csproj", "{D60706F2-287E-466F-8EAF-21C8AD08C7BF}"
EndProject
Project("{FAE04EC0-301F-11D3-BF4B-00C04F79EFBC}") = "TaskSharper.Launcher.WPF.Test.UI", "TaskSharper.Launcher.WPF.Test.UI\TaskSharper.Launcher.WPF.Test.UI.csproj", "{052051CD-EC17-4038-90AE-F06C57A21EB2}"
EndProject
Project("{FAE04EC0-301F-11D3-BF4B-00C04F79EFBC}") = "TaskSharper.Tasks.WPF.Test.UI", "TaskSharper.Tasks.WPF.Test.UI\TaskSharper.Tasks.WPF.Test.UI.csproj", "{4A1D255F-6E36-43CA-8864-A3571D30CBF6}"
EndProject
Project("{FAE04EC0-301F-11D3-BF4B-00C04F79EFBC}") = "TaskSharper.Configuration", "TaskSharper.Configuration\TaskSharper.Configuration.csproj", "{65925425-E77F-40A0-9A46-28E406A1D6B2}"
EndProject
Project("{FAE04EC0-301F-11D3-BF4B-00C04F79EFBC}") = "TaskSharper.Configuration.Test.Unit", "TaskSharper.Configuration.Test.Unit\TaskSharper.Configuration.Test.Unit.csproj", "{1C1F1839-E9DF-479E-B9E3-E61A71A5A2EF}"
EndProject
Project("{2150E333-8FDC-42A3-9474-1A3956D46DE8}") = "Documentation", "Documentation", "{AC7FA443-2933-4AFA-A9C8-85A1E5A3F41B}"
EndProject
Project("{7CF6DF6D-3B04-46F8-A40B-537D21BCA0B4}") = "TaskSharper.Documentation", "TaskSharper.Documentation\TaskSharper.Documentation.shfbproj", "{3F76AD72-FA64-4B91-A143-53105B8F93B7}"
EndProject
Global
	GlobalSection(SolutionConfigurationPlatforms) = preSolution
		BuildAllExceptUITests|Any CPU = BuildAllExceptUITests|Any CPU
		Debug|Any CPU = Debug|Any CPU
		Release|Any CPU = Release|Any CPU
	EndGlobalSection
	GlobalSection(ProjectConfigurationPlatforms) = postSolution
		{E7703189-AB75-42AD-A24C-7084FF9BCFA2}.BuildAllExceptUITests|Any CPU.ActiveCfg = BuildAllExceptUITests|Any CPU
		{E7703189-AB75-42AD-A24C-7084FF9BCFA2}.BuildAllExceptUITests|Any CPU.Build.0 = BuildAllExceptUITests|Any CPU
		{E7703189-AB75-42AD-A24C-7084FF9BCFA2}.Debug|Any CPU.ActiveCfg = Debug|Any CPU
		{E7703189-AB75-42AD-A24C-7084FF9BCFA2}.Debug|Any CPU.Build.0 = Debug|Any CPU
		{E7703189-AB75-42AD-A24C-7084FF9BCFA2}.Release|Any CPU.ActiveCfg = Release|Any CPU
		{E7703189-AB75-42AD-A24C-7084FF9BCFA2}.Release|Any CPU.Build.0 = Release|Any CPU
		{612BD79A-B57C-4474-9F21-D9794550F1BD}.BuildAllExceptUITests|Any CPU.ActiveCfg = BuildAllExceptUITests|Any CPU
		{612BD79A-B57C-4474-9F21-D9794550F1BD}.BuildAllExceptUITests|Any CPU.Build.0 = BuildAllExceptUITests|Any CPU
		{612BD79A-B57C-4474-9F21-D9794550F1BD}.Debug|Any CPU.ActiveCfg = Debug|Any CPU
		{612BD79A-B57C-4474-9F21-D9794550F1BD}.Debug|Any CPU.Build.0 = Debug|Any CPU
		{612BD79A-B57C-4474-9F21-D9794550F1BD}.Release|Any CPU.ActiveCfg = Release|Any CPU
		{612BD79A-B57C-4474-9F21-D9794550F1BD}.Release|Any CPU.Build.0 = Release|Any CPU
		{9F579BFE-0BDC-4C2C-84FA-9B4C12F1D516}.BuildAllExceptUITests|Any CPU.ActiveCfg = BuildAllExceptUITests|Any CPU
		{9F579BFE-0BDC-4C2C-84FA-9B4C12F1D516}.BuildAllExceptUITests|Any CPU.Build.0 = BuildAllExceptUITests|Any CPU
		{9F579BFE-0BDC-4C2C-84FA-9B4C12F1D516}.Debug|Any CPU.ActiveCfg = Debug|Any CPU
		{9F579BFE-0BDC-4C2C-84FA-9B4C12F1D516}.Debug|Any CPU.Build.0 = Debug|Any CPU
		{9F579BFE-0BDC-4C2C-84FA-9B4C12F1D516}.Release|Any CPU.ActiveCfg = Release|Any CPU
		{9F579BFE-0BDC-4C2C-84FA-9B4C12F1D516}.Release|Any CPU.Build.0 = Release|Any CPU
		{E329AF7F-27B3-46EF-80A4-D7993B662CAD}.BuildAllExceptUITests|Any CPU.ActiveCfg = BuildAllExceptUITests|Any CPU
		{E329AF7F-27B3-46EF-80A4-D7993B662CAD}.BuildAllExceptUITests|Any CPU.Build.0 = BuildAllExceptUITests|Any CPU
		{E329AF7F-27B3-46EF-80A4-D7993B662CAD}.Debug|Any CPU.ActiveCfg = Debug|Any CPU
		{E329AF7F-27B3-46EF-80A4-D7993B662CAD}.Debug|Any CPU.Build.0 = Debug|Any CPU
		{E329AF7F-27B3-46EF-80A4-D7993B662CAD}.Release|Any CPU.ActiveCfg = Release|Any CPU
		{E329AF7F-27B3-46EF-80A4-D7993B662CAD}.Release|Any CPU.Build.0 = Release|Any CPU
		{D7E3E636-CECC-4A1D-8E6D-F0CC9588E928}.BuildAllExceptUITests|Any CPU.ActiveCfg = BuildAllExceptUITests|Any CPU
		{D7E3E636-CECC-4A1D-8E6D-F0CC9588E928}.BuildAllExceptUITests|Any CPU.Build.0 = BuildAllExceptUITests|Any CPU
		{D7E3E636-CECC-4A1D-8E6D-F0CC9588E928}.Debug|Any CPU.ActiveCfg = Debug|Any CPU
		{D7E3E636-CECC-4A1D-8E6D-F0CC9588E928}.Debug|Any CPU.Build.0 = Debug|Any CPU
		{D7E3E636-CECC-4A1D-8E6D-F0CC9588E928}.Release|Any CPU.ActiveCfg = Release|Any CPU
		{D7E3E636-CECC-4A1D-8E6D-F0CC9588E928}.Release|Any CPU.Build.0 = Release|Any CPU
		{041A25FC-DFDA-46A6-972B-DB0DCCC1EEF8}.BuildAllExceptUITests|Any CPU.ActiveCfg = BuildAllExceptUITests|Any CPU
		{041A25FC-DFDA-46A6-972B-DB0DCCC1EEF8}.BuildAllExceptUITests|Any CPU.Build.0 = BuildAllExceptUITests|Any CPU
		{041A25FC-DFDA-46A6-972B-DB0DCCC1EEF8}.Debug|Any CPU.ActiveCfg = Debug|Any CPU
		{041A25FC-DFDA-46A6-972B-DB0DCCC1EEF8}.Debug|Any CPU.Build.0 = Debug|Any CPU
		{041A25FC-DFDA-46A6-972B-DB0DCCC1EEF8}.Release|Any CPU.ActiveCfg = Release|Any CPU
		{041A25FC-DFDA-46A6-972B-DB0DCCC1EEF8}.Release|Any CPU.Build.0 = Release|Any CPU
		{2D89FB0A-65E7-40B6-A9F3-CF71300403C0}.BuildAllExceptUITests|Any CPU.ActiveCfg = BuildAllExceptUITests|Any CPU
		{2D89FB0A-65E7-40B6-A9F3-CF71300403C0}.BuildAllExceptUITests|Any CPU.Build.0 = BuildAllExceptUITests|Any CPU
		{2D89FB0A-65E7-40B6-A9F3-CF71300403C0}.Debug|Any CPU.ActiveCfg = Debug|Any CPU
		{2D89FB0A-65E7-40B6-A9F3-CF71300403C0}.Debug|Any CPU.Build.0 = Debug|Any CPU
		{2D89FB0A-65E7-40B6-A9F3-CF71300403C0}.Release|Any CPU.ActiveCfg = Release|Any CPU
		{2D89FB0A-65E7-40B6-A9F3-CF71300403C0}.Release|Any CPU.Build.0 = Release|Any CPU
		{2AC4F14B-4C81-48EB-86A9-799788474E66}.BuildAllExceptUITests|Any CPU.ActiveCfg = BuildAllExceptUITests|Any CPU
		{2AC4F14B-4C81-48EB-86A9-799788474E66}.BuildAllExceptUITests|Any CPU.Build.0 = BuildAllExceptUITests|Any CPU
		{2AC4F14B-4C81-48EB-86A9-799788474E66}.Debug|Any CPU.ActiveCfg = Debug|Any CPU
		{2AC4F14B-4C81-48EB-86A9-799788474E66}.Debug|Any CPU.Build.0 = Debug|Any CPU
		{2AC4F14B-4C81-48EB-86A9-799788474E66}.Release|Any CPU.ActiveCfg = Release|Any CPU
		{2AC4F14B-4C81-48EB-86A9-799788474E66}.Release|Any CPU.Build.0 = Release|Any CPU
		{6C82A853-D6C3-4BDF-BBFC-AE80881FBEE0}.BuildAllExceptUITests|Any CPU.ActiveCfg = BuildAllExceptUITests|Any CPU
		{6C82A853-D6C3-4BDF-BBFC-AE80881FBEE0}.BuildAllExceptUITests|Any CPU.Build.0 = BuildAllExceptUITests|Any CPU
		{6C82A853-D6C3-4BDF-BBFC-AE80881FBEE0}.Debug|Any CPU.ActiveCfg = Debug|Any CPU
		{6C82A853-D6C3-4BDF-BBFC-AE80881FBEE0}.Debug|Any CPU.Build.0 = Debug|Any CPU
		{6C82A853-D6C3-4BDF-BBFC-AE80881FBEE0}.Release|Any CPU.ActiveCfg = Release|Any CPU
		{6C82A853-D6C3-4BDF-BBFC-AE80881FBEE0}.Release|Any CPU.Build.0 = Release|Any CPU
		{F5A1ABD8-6797-489E-B296-B099F1455D7C}.BuildAllExceptUITests|Any CPU.ActiveCfg = BuildAllExceptUITests|Any CPU
		{F5A1ABD8-6797-489E-B296-B099F1455D7C}.BuildAllExceptUITests|Any CPU.Build.0 = BuildAllExceptUITests|Any CPU
		{F5A1ABD8-6797-489E-B296-B099F1455D7C}.Debug|Any CPU.ActiveCfg = Debug|Any CPU
		{F5A1ABD8-6797-489E-B296-B099F1455D7C}.Debug|Any CPU.Build.0 = Debug|Any CPU
		{F5A1ABD8-6797-489E-B296-B099F1455D7C}.Release|Any CPU.ActiveCfg = Release|Any CPU
		{F5A1ABD8-6797-489E-B296-B099F1455D7C}.Release|Any CPU.Build.0 = Release|Any CPU
		{EB940F15-7155-4065-B849-9E180FDC3DE6}.BuildAllExceptUITests|Any CPU.ActiveCfg = BuildAllExceptUITests|Any CPU
		{EB940F15-7155-4065-B849-9E180FDC3DE6}.BuildAllExceptUITests|Any CPU.Build.0 = BuildAllExceptUITests|Any CPU
		{EB940F15-7155-4065-B849-9E180FDC3DE6}.Debug|Any CPU.ActiveCfg = Debug|Any CPU
		{EB940F15-7155-4065-B849-9E180FDC3DE6}.Debug|Any CPU.Build.0 = Debug|Any CPU
		{EB940F15-7155-4065-B849-9E180FDC3DE6}.Release|Any CPU.ActiveCfg = Release|Any CPU
		{EB940F15-7155-4065-B849-9E180FDC3DE6}.Release|Any CPU.Build.0 = Release|Any CPU
		{9C6109B6-7DEA-4863-83F2-AC65ECD7C95A}.BuildAllExceptUITests|Any CPU.ActiveCfg = BuildAllExceptUITests|Any CPU
		{9C6109B6-7DEA-4863-83F2-AC65ECD7C95A}.BuildAllExceptUITests|Any CPU.Build.0 = BuildAllExceptUITests|Any CPU
		{9C6109B6-7DEA-4863-83F2-AC65ECD7C95A}.Debug|Any CPU.ActiveCfg = Debug|Any CPU
		{9C6109B6-7DEA-4863-83F2-AC65ECD7C95A}.Debug|Any CPU.Build.0 = Debug|Any CPU
		{9C6109B6-7DEA-4863-83F2-AC65ECD7C95A}.Release|Any CPU.ActiveCfg = Release|Any CPU
		{9C6109B6-7DEA-4863-83F2-AC65ECD7C95A}.Release|Any CPU.Build.0 = Release|Any CPU
		{F611B989-0C55-4170-B520-4EA7392BD53D}.BuildAllExceptUITests|Any CPU.ActiveCfg = BuildAllExceptUITests|Any CPU
		{F611B989-0C55-4170-B520-4EA7392BD53D}.BuildAllExceptUITests|Any CPU.Build.0 = BuildAllExceptUITests|Any CPU
		{F611B989-0C55-4170-B520-4EA7392BD53D}.Debug|Any CPU.ActiveCfg = Debug|Any CPU
		{F611B989-0C55-4170-B520-4EA7392BD53D}.Debug|Any CPU.Build.0 = Debug|Any CPU
		{F611B989-0C55-4170-B520-4EA7392BD53D}.Release|Any CPU.ActiveCfg = Release|Any CPU
		{F611B989-0C55-4170-B520-4EA7392BD53D}.Release|Any CPU.Build.0 = Release|Any CPU
		{FCF63AE8-6CB5-4D69-B076-8BF95FF50F19}.BuildAllExceptUITests|Any CPU.ActiveCfg = BuildAllExceptUITests|Any CPU
		{FCF63AE8-6CB5-4D69-B076-8BF95FF50F19}.BuildAllExceptUITests|Any CPU.Build.0 = BuildAllExceptUITests|Any CPU
		{FCF63AE8-6CB5-4D69-B076-8BF95FF50F19}.Debug|Any CPU.ActiveCfg = Debug|Any CPU
		{FCF63AE8-6CB5-4D69-B076-8BF95FF50F19}.Debug|Any CPU.Build.0 = Debug|Any CPU
		{FCF63AE8-6CB5-4D69-B076-8BF95FF50F19}.Release|Any CPU.ActiveCfg = Release|Any CPU
		{FCF63AE8-6CB5-4D69-B076-8BF95FF50F19}.Release|Any CPU.Build.0 = Release|Any CPU
		{1903E410-7EDA-4F46-ACCB-C05B724D5BE2}.BuildAllExceptUITests|Any CPU.ActiveCfg = BuildAllExceptUITests|Any CPU
		{1903E410-7EDA-4F46-ACCB-C05B724D5BE2}.BuildAllExceptUITests|Any CPU.Build.0 = BuildAllExceptUITests|Any CPU
		{1903E410-7EDA-4F46-ACCB-C05B724D5BE2}.Debug|Any CPU.ActiveCfg = Debug|Any CPU
		{1903E410-7EDA-4F46-ACCB-C05B724D5BE2}.Debug|Any CPU.Build.0 = Debug|Any CPU
		{1903E410-7EDA-4F46-ACCB-C05B724D5BE2}.Release|Any CPU.ActiveCfg = Release|Any CPU
		{1903E410-7EDA-4F46-ACCB-C05B724D5BE2}.Release|Any CPU.Build.0 = Release|Any CPU
		{E6CDD4F6-396A-4FD5-93AA-79CEDC8AB033}.BuildAllExceptUITests|Any CPU.ActiveCfg = BuildAllExceptUITests|Any CPU
		{E6CDD4F6-396A-4FD5-93AA-79CEDC8AB033}.BuildAllExceptUITests|Any CPU.Build.0 = BuildAllExceptUITests|Any CPU
		{E6CDD4F6-396A-4FD5-93AA-79CEDC8AB033}.Debug|Any CPU.ActiveCfg = Debug|Any CPU
		{E6CDD4F6-396A-4FD5-93AA-79CEDC8AB033}.Debug|Any CPU.Build.0 = Debug|Any CPU
		{E6CDD4F6-396A-4FD5-93AA-79CEDC8AB033}.Release|Any CPU.ActiveCfg = Release|Any CPU
		{E6CDD4F6-396A-4FD5-93AA-79CEDC8AB033}.Release|Any CPU.Build.0 = Release|Any CPU
		{4444EB61-5ABF-442C-9BE3-772AE768F099}.BuildAllExceptUITests|Any CPU.ActiveCfg = BuildAllExceptUITests|Any CPU
		{4444EB61-5ABF-442C-9BE3-772AE768F099}.BuildAllExceptUITests|Any CPU.Build.0 = BuildAllExceptUITests|Any CPU
		{4444EB61-5ABF-442C-9BE3-772AE768F099}.Debug|Any CPU.ActiveCfg = Debug|Any CPU
		{4444EB61-5ABF-442C-9BE3-772AE768F099}.Debug|Any CPU.Build.0 = Debug|Any CPU
		{4444EB61-5ABF-442C-9BE3-772AE768F099}.Release|Any CPU.ActiveCfg = Release|Any CPU
		{4444EB61-5ABF-442C-9BE3-772AE768F099}.Release|Any CPU.Build.0 = Release|Any CPU
		{4044C93A-C605-4561-AB0D-375D4A05A9D7}.BuildAllExceptUITests|Any CPU.ActiveCfg = BuildAllExceptUITests|Any CPU
		{4044C93A-C605-4561-AB0D-375D4A05A9D7}.BuildAllExceptUITests|Any CPU.Build.0 = BuildAllExceptUITests|Any CPU
		{4044C93A-C605-4561-AB0D-375D4A05A9D7}.Debug|Any CPU.ActiveCfg = Debug|Any CPU
		{4044C93A-C605-4561-AB0D-375D4A05A9D7}.Debug|Any CPU.Build.0 = Debug|Any CPU
		{4044C93A-C605-4561-AB0D-375D4A05A9D7}.Release|Any CPU.ActiveCfg = Release|Any CPU
		{4044C93A-C605-4561-AB0D-375D4A05A9D7}.Release|Any CPU.Build.0 = Release|Any CPU
		{80B818AA-03C7-48F5-9F87-BD217FD8A3AF}.BuildAllExceptUITests|Any CPU.ActiveCfg = BuildAllExceptUITests|Any CPU
		{80B818AA-03C7-48F5-9F87-BD217FD8A3AF}.BuildAllExceptUITests|Any CPU.Build.0 = BuildAllExceptUITests|Any CPU
		{80B818AA-03C7-48F5-9F87-BD217FD8A3AF}.Debug|Any CPU.ActiveCfg = Debug|Any CPU
		{80B818AA-03C7-48F5-9F87-BD217FD8A3AF}.Debug|Any CPU.Build.0 = Debug|Any CPU
		{80B818AA-03C7-48F5-9F87-BD217FD8A3AF}.Release|Any CPU.ActiveCfg = Release|Any CPU
		{80B818AA-03C7-48F5-9F87-BD217FD8A3AF}.Release|Any CPU.Build.0 = Release|Any CPU
		{A607A5FC-3892-4B2F-9684-D16F70CF60AE}.BuildAllExceptUITests|Any CPU.ActiveCfg = BuildAllExceptUITests|Any CPU
		{A607A5FC-3892-4B2F-9684-D16F70CF60AE}.BuildAllExceptUITests|Any CPU.Build.0 = BuildAllExceptUITests|Any CPU
		{A607A5FC-3892-4B2F-9684-D16F70CF60AE}.Debug|Any CPU.ActiveCfg = Debug|Any CPU
		{A607A5FC-3892-4B2F-9684-D16F70CF60AE}.Debug|Any CPU.Build.0 = Debug|Any CPU
		{A607A5FC-3892-4B2F-9684-D16F70CF60AE}.Release|Any CPU.ActiveCfg = Release|Any CPU
		{A607A5FC-3892-4B2F-9684-D16F70CF60AE}.Release|Any CPU.Build.0 = Release|Any CPU
		{B5CD11F5-582F-4ACE-9F2A-0C8CCCB3B803}.BuildAllExceptUITests|Any CPU.ActiveCfg = BuildAllExceptUITests|Any CPU
		{B5CD11F5-582F-4ACE-9F2A-0C8CCCB3B803}.BuildAllExceptUITests|Any CPU.Build.0 = BuildAllExceptUITests|Any CPU
		{B5CD11F5-582F-4ACE-9F2A-0C8CCCB3B803}.Debug|Any CPU.ActiveCfg = Debug|Any CPU
		{B5CD11F5-582F-4ACE-9F2A-0C8CCCB3B803}.Debug|Any CPU.Build.0 = Debug|Any CPU
		{B5CD11F5-582F-4ACE-9F2A-0C8CCCB3B803}.Release|Any CPU.ActiveCfg = Release|Any CPU
		{B5CD11F5-582F-4ACE-9F2A-0C8CCCB3B803}.Release|Any CPU.Build.0 = Release|Any CPU
		{E1DB2B03-1B56-4F44-8168-D821F40CFCE8}.BuildAllExceptUITests|Any CPU.ActiveCfg = BuildAllExceptUITests|Any CPU
		{E1DB2B03-1B56-4F44-8168-D821F40CFCE8}.BuildAllExceptUITests|Any CPU.Build.0 = BuildAllExceptUITests|Any CPU
		{E1DB2B03-1B56-4F44-8168-D821F40CFCE8}.Debug|Any CPU.ActiveCfg = Debug|Any CPU
		{E1DB2B03-1B56-4F44-8168-D821F40CFCE8}.Debug|Any CPU.Build.0 = Debug|Any CPU
		{E1DB2B03-1B56-4F44-8168-D821F40CFCE8}.Release|Any CPU.ActiveCfg = Release|Any CPU
		{E1DB2B03-1B56-4F44-8168-D821F40CFCE8}.Release|Any CPU.Build.0 = Release|Any CPU
		{D60706F2-287E-466F-8EAF-21C8AD08C7BF}.BuildAllExceptUITests|Any CPU.ActiveCfg = BuildAllExceptUITests|Any CPU
		{D60706F2-287E-466F-8EAF-21C8AD08C7BF}.Debug|Any CPU.ActiveCfg = Debug|Any CPU
		{D60706F2-287E-466F-8EAF-21C8AD08C7BF}.Debug|Any CPU.Build.0 = Debug|Any CPU
		{D60706F2-287E-466F-8EAF-21C8AD08C7BF}.Release|Any CPU.ActiveCfg = Release|Any CPU
		{D60706F2-287E-466F-8EAF-21C8AD08C7BF}.Release|Any CPU.Build.0 = Release|Any CPU
		{052051CD-EC17-4038-90AE-F06C57A21EB2}.BuildAllExceptUITests|Any CPU.ActiveCfg = BuildAllExceptUITests|Any CPU
		{052051CD-EC17-4038-90AE-F06C57A21EB2}.Debug|Any CPU.ActiveCfg = Debug|Any CPU
		{052051CD-EC17-4038-90AE-F06C57A21EB2}.Debug|Any CPU.Build.0 = Debug|Any CPU
		{052051CD-EC17-4038-90AE-F06C57A21EB2}.Release|Any CPU.ActiveCfg = Release|Any CPU
		{052051CD-EC17-4038-90AE-F06C57A21EB2}.Release|Any CPU.Build.0 = Release|Any CPU
		{4A1D255F-6E36-43CA-8864-A3571D30CBF6}.BuildAllExceptUITests|Any CPU.ActiveCfg = BuildAllExceptUITests|Any CPU
		{4A1D255F-6E36-43CA-8864-A3571D30CBF6}.Debug|Any CPU.ActiveCfg = Debug|Any CPU
		{4A1D255F-6E36-43CA-8864-A3571D30CBF6}.Debug|Any CPU.Build.0 = Debug|Any CPU
		{4A1D255F-6E36-43CA-8864-A3571D30CBF6}.Release|Any CPU.ActiveCfg = Release|Any CPU
		{4A1D255F-6E36-43CA-8864-A3571D30CBF6}.Release|Any CPU.Build.0 = Release|Any CPU
		{65925425-E77F-40A0-9A46-28E406A1D6B2}.BuildAllExceptUITests|Any CPU.ActiveCfg = BuildAllExceptUITests|Any CPU
		{65925425-E77F-40A0-9A46-28E406A1D6B2}.BuildAllExceptUITests|Any CPU.Build.0 = BuildAllExceptUITests|Any CPU
		{65925425-E77F-40A0-9A46-28E406A1D6B2}.Debug|Any CPU.ActiveCfg = Debug|Any CPU
		{65925425-E77F-40A0-9A46-28E406A1D6B2}.Debug|Any CPU.Build.0 = Debug|Any CPU
		{65925425-E77F-40A0-9A46-28E406A1D6B2}.Release|Any CPU.ActiveCfg = Release|Any CPU
		{65925425-E77F-40A0-9A46-28E406A1D6B2}.Release|Any CPU.Build.0 = Release|Any CPU
		{1C1F1839-E9DF-479E-B9E3-E61A71A5A2EF}.BuildAllExceptUITests|Any CPU.ActiveCfg = BuildAllExceptUITests|Any CPU
		{1C1F1839-E9DF-479E-B9E3-E61A71A5A2EF}.BuildAllExceptUITests|Any CPU.Build.0 = BuildAllExceptUITests|Any CPU
		{1C1F1839-E9DF-479E-B9E3-E61A71A5A2EF}.Debug|Any CPU.ActiveCfg = Debug|Any CPU
		{1C1F1839-E9DF-479E-B9E3-E61A71A5A2EF}.Debug|Any CPU.Build.0 = Debug|Any CPU
		{1C1F1839-E9DF-479E-B9E3-E61A71A5A2EF}.Release|Any CPU.ActiveCfg = Release|Any CPU
		{1C1F1839-E9DF-479E-B9E3-E61A71A5A2EF}.Release|Any CPU.Build.0 = Release|Any CPU
		{3F76AD72-FA64-4B91-A143-53105B8F93B7}.Debug|Any CPU.ActiveCfg = Debug|Any CPU
		{3F76AD72-FA64-4B91-A143-53105B8F93B7}.Debug|Any CPU.Build.0 = Debug|Any CPU
		{3F76AD72-FA64-4B91-A143-53105B8F93B7}.Release|Any CPU.ActiveCfg = Release|Any CPU
		{3F76AD72-FA64-4B91-A143-53105B8F93B7}.Release|Any CPU.Build.0 = Release|Any CPU
	EndGlobalSection
	GlobalSection(SolutionProperties) = preSolution
		HideSolutionNode = FALSE
	EndGlobalSection
	GlobalSection(NestedProjects) = preSolution
		{E7703189-AB75-42AD-A24C-7084FF9BCFA2} = {575C972C-3766-4FDC-9EF9-98AD424EA50E}
		{612BD79A-B57C-4474-9F21-D9794550F1BD} = {2C86AA8A-47CB-4835-8FEC-EE5E9C1247D0}
		{2AC4F14B-4C81-48EB-86A9-799788474E66} = {2C86AA8A-47CB-4835-8FEC-EE5E9C1247D0}
		{6C82A853-D6C3-4BDF-BBFC-AE80881FBEE0} = {2C86AA8A-47CB-4835-8FEC-EE5E9C1247D0}
		{EB940F15-7155-4065-B849-9E180FDC3DE6} = {2C86AA8A-47CB-4835-8FEC-EE5E9C1247D0}
		{1903E410-7EDA-4F46-ACCB-C05B724D5BE2} = {575C972C-3766-4FDC-9EF9-98AD424EA50E}
		{E6CDD4F6-396A-4FD5-93AA-79CEDC8AB033} = {575C972C-3766-4FDC-9EF9-98AD424EA50E}
		{4444EB61-5ABF-442C-9BE3-772AE768F099} = {575C972C-3766-4FDC-9EF9-98AD424EA50E}
		{4044C93A-C605-4561-AB0D-375D4A05A9D7} = {575C972C-3766-4FDC-9EF9-98AD424EA50E}
		{80B818AA-03C7-48F5-9F87-BD217FD8A3AF} = {2C86AA8A-47CB-4835-8FEC-EE5E9C1247D0}
		{A607A5FC-3892-4B2F-9684-D16F70CF60AE} = {2C86AA8A-47CB-4835-8FEC-EE5E9C1247D0}
		{B5CD11F5-582F-4ACE-9F2A-0C8CCCB3B803} = {2C86AA8A-47CB-4835-8FEC-EE5E9C1247D0}
		{E1DB2B03-1B56-4F44-8168-D821F40CFCE8} = {2C86AA8A-47CB-4835-8FEC-EE5E9C1247D0}
		{D60706F2-287E-466F-8EAF-21C8AD08C7BF} = {D5B151ED-68BE-41E7-B570-801091AA2B0B}
		{052051CD-EC17-4038-90AE-F06C57A21EB2} = {D5B151ED-68BE-41E7-B570-801091AA2B0B}
		{4A1D255F-6E36-43CA-8864-A3571D30CBF6} = {D5B151ED-68BE-41E7-B570-801091AA2B0B}
		{1C1F1839-E9DF-479E-B9E3-E61A71A5A2EF} = {2C86AA8A-47CB-4835-8FEC-EE5E9C1247D0}
		{3F76AD72-FA64-4B91-A143-53105B8F93B7} = {AC7FA443-2933-4AFA-A9C8-85A1E5A3F41B}
	EndGlobalSection
	GlobalSection(ExtensibilityGlobals) = postSolution
		SolutionGuid = {EF2610FE-FBAE-448B-ACAB-893FDB66EB45}
	EndGlobalSection
EndGlobal
