
Microsoft Visual Studio Solution File, Format Version 12.00
# Visual Studio 15
VisualStudioVersion = 15.0.26730.16
MinimumVisualStudioVersion = 10.0.40219.1
Project("{FAE04EC0-301F-11D3-BF4B-00C04F79EFBC}") = "TaskSharper.Calender.WPF", "TaskSharper.Calender.WPF\TaskSharper.Calender.WPF.csproj", "{E7703189-AB75-42AD-A24C-7084FF9BCFA2}"
EndProject
Project("{FAE04EC0-301F-11D3-BF4B-00C04F79EFBC}") = "TaskSharper.DataAccessLayer.Test.Unit", "TaskSharper.DataAccessLayer.Test.Unit\TaskSharper.DataAccessLayer.Test.Unit.csproj", "{612BD79A-B57C-4474-9F21-D9794550F1BD}"
EndProject
Project("{FAE04EC0-301F-11D3-BF4B-00C04F79EFBC}") = "TaskSharper.DataAccessLayer.Google", "TaskSharper.DataAccessLayer.Google\TaskSharper.DataAccessLayer.Google.csproj", "{9F579BFE-0BDC-4C2C-84FA-9B4C12F1D516}"
EndProject
Project("{FAE04EC0-301F-11D3-BF4B-00C04F79EFBC}") = "TaskSharper.Domain", "TaskSharper.Domain\TaskSharper.Domain.csproj", "{E329AF7F-27B3-46EF-80A4-D7993B662CAD}"
EndProject
Project("{FAE04EC0-301F-11D3-BF4B-00C04F79EFBC}") = "TaskSharper.Shared", "TaskSharper.Shared\TaskSharper.Shared.csproj", "{D7E3E636-CECC-4A1D-8E6D-F0CC9588E928}"
EndProject
Project("{2150E333-8FDC-42A3-9474-1A3956D46DE8}") = "Solution Items", "Solution Items", "{2555A492-72A3-4C66-B148-E38181CED500}"
	ProjectSection(SolutionItems) = preProject
		README.md = README.md
	EndProjectSection
EndProject
Project("{FAE04EC0-301F-11D3-BF4B-00C04F79EFBC}") = "TaskSharper.BusinessLayer", "TaskSharper.BusinessLayer\TaskSharper.BusinessLayer.csproj", "{041A25FC-DFDA-46A6-972B-DB0DCCC1EEF8}"
EndProject
Project("{FAE04EC0-301F-11D3-BF4B-00C04F79EFBC}") = "TaskSharper.CacheStore", "TaskSharper.CacheStore\TaskSharper.CacheStore.csproj", "{2D89FB0A-65E7-40B6-A9F3-CF71300403C0}"
EndProject
Project("{FAE04EC0-301F-11D3-BF4B-00C04F79EFBC}") = "TaskSharper.CacheStore.Test.Unit", "TaskSharper.CacheStore.Test.Unit\TaskSharper.CacheStore.Test.Unit.csproj", "{2AC4F14B-4C81-48EB-86A9-799788474E66}"
EndProject
Project("{2150E333-8FDC-42A3-9474-1A3956D46DE8}") = "UnitTests", "UnitTests", "{2C86AA8A-47CB-4835-8FEC-EE5E9C1247D0}"
EndProject
Project("{FAE04EC0-301F-11D3-BF4B-00C04F79EFBC}") = "TaskSharper.BusinessLayer.Test.Unit", "TaskSharper.BusinessLayer.Test.Unit\TaskSharper.BusinessLayer.Test.Unit.csproj", "{6C82A853-D6C3-4BDF-BBFC-AE80881FBEE0}"
EndProject
Project("{FAE04EC0-301F-11D3-BF4B-00C04F79EFBC}") = "TaskSharper.Notification", "TaskSharper.Notification\TaskSharper.Notification.csproj", "{F5A1ABD8-6797-489E-B296-B099F1455D7C}"
EndProject
Project("{FAE04EC0-301F-11D3-BF4B-00C04F79EFBC}") = "TaskSharper.Notification.Tester", "TaskSharper.Notification.Tester\TaskSharper.Notification.Tester.csproj", "{27CF5397-DCCA-4EE1-AC81-043B1526F9D2}"
EndProject
Project("{FAE04EC0-301F-11D3-BF4B-00C04F79EFBC}") = "TaskSharper.Notification.Test.Unit", "TaskSharper.Notification.Test.Unit\TaskSharper.Notification.Test.Unit.csproj", "{EB940F15-7155-4065-B849-9E180FDC3DE6}"
EndProject
Global
	GlobalSection(SolutionConfigurationPlatforms) = preSolution
		Debug|Any CPU = Debug|Any CPU
		Release|Any CPU = Release|Any CPU
	EndGlobalSection
	GlobalSection(ProjectConfigurationPlatforms) = postSolution
		{E7703189-AB75-42AD-A24C-7084FF9BCFA2}.Debug|Any CPU.ActiveCfg = Debug|Any CPU
		{E7703189-AB75-42AD-A24C-7084FF9BCFA2}.Debug|Any CPU.Build.0 = Debug|Any CPU
		{E7703189-AB75-42AD-A24C-7084FF9BCFA2}.Release|Any CPU.ActiveCfg = Release|Any CPU
		{E7703189-AB75-42AD-A24C-7084FF9BCFA2}.Release|Any CPU.Build.0 = Release|Any CPU
		{612BD79A-B57C-4474-9F21-D9794550F1BD}.Debug|Any CPU.ActiveCfg = Debug|Any CPU
		{612BD79A-B57C-4474-9F21-D9794550F1BD}.Debug|Any CPU.Build.0 = Debug|Any CPU
		{612BD79A-B57C-4474-9F21-D9794550F1BD}.Release|Any CPU.ActiveCfg = Release|Any CPU
		{612BD79A-B57C-4474-9F21-D9794550F1BD}.Release|Any CPU.Build.0 = Release|Any CPU
		{9F579BFE-0BDC-4C2C-84FA-9B4C12F1D516}.Debug|Any CPU.ActiveCfg = Debug|Any CPU
		{9F579BFE-0BDC-4C2C-84FA-9B4C12F1D516}.Debug|Any CPU.Build.0 = Debug|Any CPU
		{9F579BFE-0BDC-4C2C-84FA-9B4C12F1D516}.Release|Any CPU.ActiveCfg = Release|Any CPU
		{9F579BFE-0BDC-4C2C-84FA-9B4C12F1D516}.Release|Any CPU.Build.0 = Release|Any CPU
		{E329AF7F-27B3-46EF-80A4-D7993B662CAD}.Debug|Any CPU.ActiveCfg = Debug|Any CPU
		{E329AF7F-27B3-46EF-80A4-D7993B662CAD}.Debug|Any CPU.Build.0 = Debug|Any CPU
		{E329AF7F-27B3-46EF-80A4-D7993B662CAD}.Release|Any CPU.ActiveCfg = Release|Any CPU
		{E329AF7F-27B3-46EF-80A4-D7993B662CAD}.Release|Any CPU.Build.0 = Release|Any CPU
		{D7E3E636-CECC-4A1D-8E6D-F0CC9588E928}.Debug|Any CPU.ActiveCfg = Debug|Any CPU
		{D7E3E636-CECC-4A1D-8E6D-F0CC9588E928}.Debug|Any CPU.Build.0 = Debug|Any CPU
		{D7E3E636-CECC-4A1D-8E6D-F0CC9588E928}.Release|Any CPU.ActiveCfg = Release|Any CPU
		{D7E3E636-CECC-4A1D-8E6D-F0CC9588E928}.Release|Any CPU.Build.0 = Release|Any CPU
		{041A25FC-DFDA-46A6-972B-DB0DCCC1EEF8}.Debug|Any CPU.ActiveCfg = Debug|Any CPU
		{041A25FC-DFDA-46A6-972B-DB0DCCC1EEF8}.Debug|Any CPU.Build.0 = Debug|Any CPU
		{041A25FC-DFDA-46A6-972B-DB0DCCC1EEF8}.Release|Any CPU.ActiveCfg = Release|Any CPU
		{041A25FC-DFDA-46A6-972B-DB0DCCC1EEF8}.Release|Any CPU.Build.0 = Release|Any CPU
		{2D89FB0A-65E7-40B6-A9F3-CF71300403C0}.Debug|Any CPU.ActiveCfg = Debug|Any CPU
		{2D89FB0A-65E7-40B6-A9F3-CF71300403C0}.Debug|Any CPU.Build.0 = Debug|Any CPU
		{2D89FB0A-65E7-40B6-A9F3-CF71300403C0}.Release|Any CPU.ActiveCfg = Release|Any CPU
		{2D89FB0A-65E7-40B6-A9F3-CF71300403C0}.Release|Any CPU.Build.0 = Release|Any CPU
		{2AC4F14B-4C81-48EB-86A9-799788474E66}.Debug|Any CPU.ActiveCfg = Debug|Any CPU
		{2AC4F14B-4C81-48EB-86A9-799788474E66}.Debug|Any CPU.Build.0 = Debug|Any CPU
		{2AC4F14B-4C81-48EB-86A9-799788474E66}.Release|Any CPU.ActiveCfg = Release|Any CPU
		{2AC4F14B-4C81-48EB-86A9-799788474E66}.Release|Any CPU.Build.0 = Release|Any CPU
		{6C82A853-D6C3-4BDF-BBFC-AE80881FBEE0}.Debug|Any CPU.ActiveCfg = Debug|Any CPU
		{6C82A853-D6C3-4BDF-BBFC-AE80881FBEE0}.Debug|Any CPU.Build.0 = Debug|Any CPU
		{6C82A853-D6C3-4BDF-BBFC-AE80881FBEE0}.Release|Any CPU.ActiveCfg = Release|Any CPU
		{6C82A853-D6C3-4BDF-BBFC-AE80881FBEE0}.Release|Any CPU.Build.0 = Release|Any CPU
		{F5A1ABD8-6797-489E-B296-B099F1455D7C}.Debug|Any CPU.ActiveCfg = Debug|Any CPU
		{F5A1ABD8-6797-489E-B296-B099F1455D7C}.Debug|Any CPU.Build.0 = Debug|Any CPU
		{F5A1ABD8-6797-489E-B296-B099F1455D7C}.Release|Any CPU.ActiveCfg = Release|Any CPU
		{F5A1ABD8-6797-489E-B296-B099F1455D7C}.Release|Any CPU.Build.0 = Release|Any CPU
		{27CF5397-DCCA-4EE1-AC81-043B1526F9D2}.Debug|Any CPU.ActiveCfg = Debug|Any CPU
		{27CF5397-DCCA-4EE1-AC81-043B1526F9D2}.Debug|Any CPU.Build.0 = Debug|Any CPU
		{27CF5397-DCCA-4EE1-AC81-043B1526F9D2}.Release|Any CPU.ActiveCfg = Release|Any CPU
		{27CF5397-DCCA-4EE1-AC81-043B1526F9D2}.Release|Any CPU.Build.0 = Release|Any CPU
		{EB940F15-7155-4065-B849-9E180FDC3DE6}.Debug|Any CPU.ActiveCfg = Debug|Any CPU
		{EB940F15-7155-4065-B849-9E180FDC3DE6}.Debug|Any CPU.Build.0 = Debug|Any CPU
		{EB940F15-7155-4065-B849-9E180FDC3DE6}.Release|Any CPU.ActiveCfg = Release|Any CPU
		{EB940F15-7155-4065-B849-9E180FDC3DE6}.Release|Any CPU.Build.0 = Release|Any CPU
	EndGlobalSection
	GlobalSection(SolutionProperties) = preSolution
		HideSolutionNode = FALSE
	EndGlobalSection
	GlobalSection(NestedProjects) = preSolution
		{612BD79A-B57C-4474-9F21-D9794550F1BD} = {2C86AA8A-47CB-4835-8FEC-EE5E9C1247D0}
		{2AC4F14B-4C81-48EB-86A9-799788474E66} = {2C86AA8A-47CB-4835-8FEC-EE5E9C1247D0}
		{6C82A853-D6C3-4BDF-BBFC-AE80881FBEE0} = {2C86AA8A-47CB-4835-8FEC-EE5E9C1247D0}
		{EB940F15-7155-4065-B849-9E180FDC3DE6} = {2C86AA8A-47CB-4835-8FEC-EE5E9C1247D0}
	EndGlobalSection
	GlobalSection(ExtensibilityGlobals) = postSolution
		SolutionGuid = {EF2610FE-FBAE-448B-ACAB-893FDB66EB45}
	EndGlobalSection
EndGlobal
